# This file is generated by running "yarn install" inside your project.
# Manual changes might be lost - proceed with caution!

__metadata:
  version: 6
  cacheKey: 8

"@esbuild/android-arm64@npm:0.19.2":
  version: 0.19.2
  resolution: "@esbuild/android-arm64@npm:0.19.2"
  conditions: os=android & cpu=arm64
  languageName: node
  linkType: hard

"@esbuild/android-arm@npm:0.19.2":
  version: 0.19.2
  resolution: "@esbuild/android-arm@npm:0.19.2"
  conditions: os=android & cpu=arm
  languageName: node
  linkType: hard

"@esbuild/android-x64@npm:0.19.2":
  version: 0.19.2
  resolution: "@esbuild/android-x64@npm:0.19.2"
  conditions: os=android & cpu=x64
  languageName: node
  linkType: hard

"@esbuild/darwin-arm64@npm:0.19.2":
  version: 0.19.2
  resolution: "@esbuild/darwin-arm64@npm:0.19.2"
  conditions: os=darwin & cpu=arm64
  languageName: node
  linkType: hard

"@esbuild/darwin-x64@npm:0.19.2":
  version: 0.19.2
  resolution: "@esbuild/darwin-x64@npm:0.19.2"
  conditions: os=darwin & cpu=x64
  languageName: node
  linkType: hard

"@esbuild/freebsd-arm64@npm:0.19.2":
  version: 0.19.2
  resolution: "@esbuild/freebsd-arm64@npm:0.19.2"
  conditions: os=freebsd & cpu=arm64
  languageName: node
  linkType: hard

"@esbuild/freebsd-x64@npm:0.19.2":
  version: 0.19.2
  resolution: "@esbuild/freebsd-x64@npm:0.19.2"
  conditions: os=freebsd & cpu=x64
  languageName: node
  linkType: hard

"@esbuild/linux-arm64@npm:0.19.2":
  version: 0.19.2
  resolution: "@esbuild/linux-arm64@npm:0.19.2"
  conditions: os=linux & cpu=arm64
  languageName: node
  linkType: hard

"@esbuild/linux-arm@npm:0.19.2":
  version: 0.19.2
  resolution: "@esbuild/linux-arm@npm:0.19.2"
  conditions: os=linux & cpu=arm
  languageName: node
  linkType: hard

"@esbuild/linux-ia32@npm:0.19.2":
  version: 0.19.2
  resolution: "@esbuild/linux-ia32@npm:0.19.2"
  conditions: os=linux & cpu=ia32
  languageName: node
  linkType: hard

"@esbuild/linux-loong64@npm:0.19.2":
  version: 0.19.2
  resolution: "@esbuild/linux-loong64@npm:0.19.2"
  conditions: os=linux & cpu=loong64
  languageName: node
  linkType: hard

"@esbuild/linux-mips64el@npm:0.19.2":
  version: 0.19.2
  resolution: "@esbuild/linux-mips64el@npm:0.19.2"
  conditions: os=linux & cpu=mips64el
  languageName: node
  linkType: hard

"@esbuild/linux-ppc64@npm:0.19.2":
  version: 0.19.2
  resolution: "@esbuild/linux-ppc64@npm:0.19.2"
  conditions: os=linux & cpu=ppc64
  languageName: node
  linkType: hard

"@esbuild/linux-riscv64@npm:0.19.2":
  version: 0.19.2
  resolution: "@esbuild/linux-riscv64@npm:0.19.2"
  conditions: os=linux & cpu=riscv64
  languageName: node
  linkType: hard

"@esbuild/linux-s390x@npm:0.19.2":
  version: 0.19.2
  resolution: "@esbuild/linux-s390x@npm:0.19.2"
  conditions: os=linux & cpu=s390x
  languageName: node
  linkType: hard

"@esbuild/linux-x64@npm:0.19.2":
  version: 0.19.2
  resolution: "@esbuild/linux-x64@npm:0.19.2"
  conditions: os=linux & cpu=x64
  languageName: node
  linkType: hard

"@esbuild/netbsd-x64@npm:0.19.2":
  version: 0.19.2
  resolution: "@esbuild/netbsd-x64@npm:0.19.2"
  conditions: os=netbsd & cpu=x64
  languageName: node
  linkType: hard

"@esbuild/openbsd-x64@npm:0.19.2":
  version: 0.19.2
  resolution: "@esbuild/openbsd-x64@npm:0.19.2"
  conditions: os=openbsd & cpu=x64
  languageName: node
  linkType: hard

"@esbuild/sunos-x64@npm:0.19.2":
  version: 0.19.2
  resolution: "@esbuild/sunos-x64@npm:0.19.2"
  conditions: os=sunos & cpu=x64
  languageName: node
  linkType: hard

"@esbuild/win32-arm64@npm:0.19.2":
  version: 0.19.2
  resolution: "@esbuild/win32-arm64@npm:0.19.2"
  conditions: os=win32 & cpu=arm64
  languageName: node
  linkType: hard

"@esbuild/win32-ia32@npm:0.19.2":
  version: 0.19.2
  resolution: "@esbuild/win32-ia32@npm:0.19.2"
  conditions: os=win32 & cpu=ia32
  languageName: node
  linkType: hard

"@esbuild/win32-x64@npm:0.19.2":
  version: 0.19.2
  resolution: "@esbuild/win32-x64@npm:0.19.2"
  conditions: os=win32 & cpu=x64
  languageName: node
  linkType: hard

"@manzano/use-is-active@workspace:.":
  version: 0.0.0-use.local
  resolution: "@manzano/use-is-active@workspace:."
  dependencies:
    "@types/react": ^18.2.20
    "@types/react-dom": ^18.2.7
    esbuild: ^0.19.2
    esbuild-node-externals: ^1.8.0
    prettier: ^3.0.2
    react: ^18.2.0
    react-dom: ^18.2.0
    typescript: ^5.1.6
  peerDependencies:
    react: ^16.8 || ^17.0 || ^18.0
  languageName: unknown
  linkType: soft

"@types/prop-types@npm:*":
  version: 15.7.5
  resolution: "@types/prop-types@npm:15.7.5"
  checksum: 5b43b8b15415e1f298243165f1d44390403bb2bd42e662bca3b5b5633fdd39c938e91b7fce3a9483699db0f7a715d08cef220c121f723a634972fdf596aec980
  languageName: node
  linkType: hard

"@types/react-dom@npm:^18.2.7":
  version: 18.2.7
  resolution: "@types/react-dom@npm:18.2.7"
  dependencies:
    "@types/react": "*"
  checksum: e02ea908289a7ad26053308248d2b87f6aeafd73d0e2de2a3d435947bcea0422599016ffd1c3e38ff36c42f5e1c87c7417f05b0a157e48649e4a02f21727d54f
  languageName: node
  linkType: hard

"@types/react@npm:*, @types/react@npm:^18.2.20":
  version: 18.2.20
  resolution: "@types/react@npm:18.2.20"
  dependencies:
    "@types/prop-types": "*"
    "@types/scheduler": "*"
    csstype: ^3.0.2
  checksum: 30f699c60e5e4bfef273ce64d320651cdd60f5c6a08361c6c7eca8cebcccda1ac953d2ee57c9f321b5ae87f8a62c72b6d35ca42df0e261d337849952daab2141
  languageName: node
  linkType: hard

"@types/scheduler@npm:*":
  version: 0.16.3
  resolution: "@types/scheduler@npm:0.16.3"
  checksum: 2b0aec39c24268e3ce938c5db2f2e77f5c3dd280e05c262d9c2fe7d890929e4632a6b8e94334017b66b45e4f92a5aa42ba3356640c2a1175fa37bef2f5200767
  languageName: node
  linkType: hard

"csstype@npm:^3.0.2":
  version: 3.1.2
  resolution: "csstype@npm:3.1.2"
  checksum: e1a52e6c25c1314d6beef5168da704ab29c5186b877c07d822bd0806717d9a265e8493a2e35ca7e68d0f5d472d43fac1cdce70fd79fd0853dff81f3028d857b5
  languageName: node
  linkType: hard

"esbuild-node-externals@npm:^1.8.0":
  version: 1.8.0
  resolution: "esbuild-node-externals@npm:1.8.0"
  dependencies:
    find-up: ^5.0.0
    tslib: ^2.4.1
  peerDependencies:
    esbuild: 0.12 - 0.18
  checksum: 6d1cb4e1c6877c33fc7cae9f901944d0867610f293649bdfae3a99a8b3a658b471ad7c350660c198ce31d33a1ae852de407ed3336d58a4e05b9b0856dbda1837
  languageName: node
  linkType: hard

"esbuild@npm:^0.19.2":
  version: 0.19.2
  resolution: "esbuild@npm:0.19.2"
  dependencies:
    "@esbuild/android-arm": 0.19.2
    "@esbuild/android-arm64": 0.19.2
    "@esbuild/android-x64": 0.19.2
    "@esbuild/darwin-arm64": 0.19.2
    "@esbuild/darwin-x64": 0.19.2
    "@esbuild/freebsd-arm64": 0.19.2
    "@esbuild/freebsd-x64": 0.19.2
    "@esbuild/linux-arm": 0.19.2
    "@esbuild/linux-arm64": 0.19.2
    "@esbuild/linux-ia32": 0.19.2
    "@esbuild/linux-loong64": 0.19.2
    "@esbuild/linux-mips64el": 0.19.2
    "@esbuild/linux-ppc64": 0.19.2
    "@esbuild/linux-riscv64": 0.19.2
    "@esbuild/linux-s390x": 0.19.2
    "@esbuild/linux-x64": 0.19.2
    "@esbuild/netbsd-x64": 0.19.2
    "@esbuild/openbsd-x64": 0.19.2
    "@esbuild/sunos-x64": 0.19.2
    "@esbuild/win32-arm64": 0.19.2
    "@esbuild/win32-ia32": 0.19.2
    "@esbuild/win32-x64": 0.19.2
  dependenciesMeta:
    "@esbuild/android-arm":
      optional: true
    "@esbuild/android-arm64":
      optional: true
    "@esbuild/android-x64":
      optional: true
    "@esbuild/darwin-arm64":
      optional: true
    "@esbuild/darwin-x64":
      optional: true
    "@esbuild/freebsd-arm64":
      optional: true
    "@esbuild/freebsd-x64":
      optional: true
    "@esbuild/linux-arm":
      optional: true
    "@esbuild/linux-arm64":
      optional: true
    "@esbuild/linux-ia32":
      optional: true
    "@esbuild/linux-loong64":
      optional: true
    "@esbuild/linux-mips64el":
      optional: true
    "@esbuild/linux-ppc64":
      optional: true
    "@esbuild/linux-riscv64":
      optional: true
    "@esbuild/linux-s390x":
      optional: true
    "@esbuild/linux-x64":
      optional: true
    "@esbuild/netbsd-x64":
      optional: true
    "@esbuild/openbsd-x64":
      optional: true
    "@esbuild/sunos-x64":
      optional: true
    "@esbuild/win32-arm64":
      optional: true
    "@esbuild/win32-ia32":
      optional: true
    "@esbuild/win32-x64":
      optional: true
  bin:
    esbuild: bin/esbuild
  checksum: f9ad8ad4f0cbcc675c059f2676c4458d75307af20f9168859de8642accd7f2b7d6bbe8286a23633790dcba07d1d66a8f63c204ea933a0d51300c1b69d4f25d8f
  languageName: node
  linkType: hard

"find-up@npm:^5.0.0":
  version: 5.0.0
  resolution: "find-up@npm:5.0.0"
  dependencies:
    locate-path: ^6.0.0
    path-exists: ^4.0.0
  checksum: 07955e357348f34660bde7920783204ff5a26ac2cafcaa28bace494027158a97b9f56faaf2d89a6106211a8174db650dd9f503f9c0d526b1202d5554a00b9095
  languageName: node
  linkType: hard

"js-tokens@npm:^3.0.0 || ^4.0.0":
  version: 4.0.0
  resolution: "js-tokens@npm:4.0.0"
  checksum: 8a95213a5a77deb6cbe94d86340e8d9ace2b93bc367790b260101d2f36a2eaf4e4e22d9fa9cf459b38af3a32fb4190e638024cf82ec95ef708680e405ea7cc78
  languageName: node
  linkType: hard

"locate-path@npm:^6.0.0":
  version: 6.0.0
  resolution: "locate-path@npm:6.0.0"
  dependencies:
    p-locate: ^5.0.0
  checksum: 72eb661788a0368c099a184c59d2fee760b3831c9c1c33955e8a19ae4a21b4116e53fa736dc086cdeb9fce9f7cc508f2f92d2d3aae516f133e16a2bb59a39f5a
  languageName: node
  linkType: hard

"loose-envify@npm:^1.1.0":
  version: 1.4.0
  resolution: "loose-envify@npm:1.4.0"
  dependencies:
    js-tokens: ^3.0.0 || ^4.0.0
  bin:
    loose-envify: cli.js
  checksum: 6517e24e0cad87ec9888f500c5b5947032cdfe6ef65e1c1936a0c48a524b81e65542c9c3edc91c97d5bddc806ee2a985dbc79be89215d613b1de5db6d1cfe6f4
  languageName: node
  linkType: hard

"p-limit@npm:^3.0.2":
  version: 3.1.0
  resolution: "p-limit@npm:3.1.0"
  dependencies:
    yocto-queue: ^0.1.0
  checksum: 7c3690c4dbf62ef625671e20b7bdf1cbc9534e83352a2780f165b0d3ceba21907e77ad63401708145ca4e25bfc51636588d89a8c0aeb715e6c37d1c066430360
  languageName: node
  linkType: hard

"p-locate@npm:^5.0.0":
  version: 5.0.0
  resolution: "p-locate@npm:5.0.0"
  dependencies:
    p-limit: ^3.0.2
  checksum: 1623088f36cf1cbca58e9b61c4e62bf0c60a07af5ae1ca99a720837356b5b6c5ba3eb1b2127e47a06865fee59dd0453cad7cc844cda9d5a62ac1a5a51b7c86d3
  languageName: node
  linkType: hard

"path-exists@npm:^4.0.0":
  version: 4.0.0
  resolution: "path-exists@npm:4.0.0"
  checksum: 505807199dfb7c50737b057dd8d351b82c033029ab94cb10a657609e00c1bc53b951cfdbccab8de04c5584d5eff31128ce6afd3db79281874a5ef2adbba55ed1
  languageName: node
  linkType: hard

"prettier@npm:^3.0.2":
  version: 3.0.2
  resolution: "prettier@npm:3.0.2"
  bin:
    prettier: bin/prettier.cjs
  checksum: 118b59ddb6c80abe2315ab6d0f4dd1b253be5cfdb20622fa5b65bb1573dcd362e6dd3dcf2711dd3ebfe64aecf7bdc75de8a69dc2422dcd35bdde7610586b677a
  languageName: node
  linkType: hard

"react-dom@npm:^18.2.0":
  version: 18.2.0
  resolution: "react-dom@npm:18.2.0"
  dependencies:
    loose-envify: ^1.1.0
    scheduler: ^0.23.0
  peerDependencies:
    react: ^18.2.0
  checksum: 7d323310bea3a91be2965f9468d552f201b1c27891e45ddc2d6b8f717680c95a75ae0bc1e3f5cf41472446a2589a75aed4483aee8169287909fcd59ad149e8cc
  languageName: node
  linkType: hard

"react@npm:^18.2.0":
  version: 18.2.0
  resolution: "react@npm:18.2.0"
  dependencies:
    loose-envify: ^1.1.0
  checksum: 88e38092da8839b830cda6feef2e8505dec8ace60579e46aa5490fc3dc9bba0bd50336507dc166f43e3afc1c42939c09fe33b25fae889d6f402721dcd78fca1b
  languageName: node
  linkType: hard

"scheduler@npm:^0.23.0":
  version: 0.23.0
  resolution: "scheduler@npm:0.23.0"
  dependencies:
    loose-envify: ^1.1.0
  checksum: d79192eeaa12abef860c195ea45d37cbf2bbf5f66e3c4dcd16f54a7da53b17788a70d109ee3d3dde1a0fd50e6a8fc171f4300356c5aee4fc0171de526bf35f8a
  languageName: node
  linkType: hard

"tslib@npm:^2.4.1":
  version: 2.6.1
  resolution: "tslib@npm:2.6.1"
  checksum: b0d176d176487905b66ae4d5856647df50e37beea7571c53b8d10ba9222c074b81f1410fb91da13debaf2cbc970663609068bdebafa844ea9d69b146527c38fe
  languageName: node
  linkType: hard

"typescript@npm:^5.1.6":
  version: 5.1.6
  resolution: "typescript@npm:5.1.6"
  bin:
    tsc: bin/tsc
    tsserver: bin/tsserver
  checksum: b2f2c35096035fe1f5facd1e38922ccb8558996331405eb00a5111cc948b2e733163cc22fab5db46992aba7dd520fff637f2c1df4996ff0e134e77d3249a7350
  languageName: node
  linkType: hard

"typescript@patch:typescript@^5.1.6#~builtin<compat/typescript>":
  version: 5.1.6
  resolution: "typescript@patch:typescript@npm%3A5.1.6#~builtin<compat/typescript>::version=5.1.6&hash=85af82"
  bin:
    tsc: bin/tsc
    tsserver: bin/tsserver
  checksum: 21e88b0a0c0226f9cb9fd25b9626fb05b4c0f3fddac521844a13e1f30beb8f14e90bd409a9ac43c812c5946d714d6e0dee12d5d02dfc1c562c5aacfa1f49b606
  languageName: node
  linkType: hard

"yocto-queue@npm:^0.1.0":
  version: 0.1.0
  resolution: "yocto-queue@npm:0.1.0"
  checksum: f77b3d8d00310def622123df93d4ee654fc6a0096182af8bd60679ddcdfb3474c56c6c7190817c84a2785648cdee9d721c0154eb45698c62176c322fb46fc700
  languageName: node
  linkType: hard
